8727769911373903670
cista e5a58c750d5432cc4ea2855bbfc42bcea591d0f7
zlib d1c943390ba4f97aa2f50bedc629b6d29027fa0e
boost be5235eb2258d2ec19e32546ab767a62311d9b46
doctest 70e8f76437b76dd5e9c0a2eb9b907df190ab71a0
geo 73e4f6fb9b80b178413cf7d9006501e231d41885
googletest 34a46558609e05865c197f0260ab36daa7cbbb6e
libosmium 6e6d6b3081cc8bdf25dda89730e25c36eb995516
mimalloc 0087f000848de31b0090cb6f282348bd2fd3a9b8
protozero 8c9f3fa97c2cfdceef86d0b61818ae98e9328f29
rapidjson e7a1ac95c7840c6f4351abead02b1f7a02874197
Catch2 47d56f28a9801911c048d011b375e5631dbb658f
LuaJIT 4638e9198beb2f14bd1c90b42aff744469eed404
clipper 904f0e6644c7f01c176443613be8f7788d59c658
concurrentqueue ef2227ada6f76cd65e517b7a6e902964443c0ffc
conf 7b687da879396cf5f2692121a0e3735444e7700e
expat b8c26c40f1900899b95c795705e0252fc0c1350c
fmt 34d0435ad07feb55dabd64d99482dd5d28972584
lmdb 39d8127e5697b1323a67e61c3ad8f087384c7429
miniz 1edbdece9d71dc65c6ff405572ee37cbdcef7af4
res c500c261531a2b8b8d475fc9d42c075f28f72aaf
pbf-sdf-fonts 91b369e4eb8a618e0a83b0c04b1b08632ea872c4
sol2 fdb0f8a60e48aa737f0a8d73edede48627f0c984
utl 98387d1bc2e3c57ab1c5bc6a8e1642931472886b
variant 3c7fc8266bb46046b42c2dc2663f9f505f0cec28
tiles 8b1d2aedd7b1a5fcee248af16738df605bd86451
rtree.c 498f993c38e80f21d55ab72f14675b72fca991cc
tg 9d3db9c9ccbde60449e25338550b14865ea1b98e
