1428740161055613601
cista 9e961e3e617058eb62a9faef0d9ff15339e67316
zlib-ng 68ab3e2d80253ec5dc3c83691d9ff70477b32cd3
boost 4a9aca6cb8af75be6e58f28c09cc7e39f61e6173
conf f9bf4bd83bf55a2170725707e526cbacc45dcc66
expat 636c9861e8e7c119f3626d1e6c260603ab624516
fmt dc10f83be70ac2873d5f8d1ce317596f1fd318a2
doctest 832431f2d9dc77e51cc8b364337c186660bf267d
docs 75dc89a53e9c2d78574fc0ffda698e69f1682ed2
googletest 7b64fca6ea0833628d6f86255a81424365f7cc0c
utl 4bc0963e0b3545a1568ca4c873d02e06e927a81c
geo f3b11c02ac063786ec388b00816b03c73914c8af
libosmium 6e6d6b3081cc8bdf25dda89730e25c36eb995516
mimalloc e2f4fe647e8aff4603a7d5119b8639fd1a47c8a6
libressl 39c1bf084d5c179d7bbce7ba902fffbebff0ee15
res b759b93316afeb529b6cb5b2548b24c41e382fb0
date ce88cc33b5551f66655614eeebb7c5b7189025fb
yaml-cpp 1d8ca1f35eb3a9c9142462b28282a848e5d29a91
openapi-cpp dac46d043f07a119d8b7d9ccb47e51049b259bfe
net a2ec79b9fae9014031a16d467678b92716f7f5bb
protozero 8c9f3fa97c2cfdceef86d0b61818ae98e9328f29
rapidjson 8b92de0bfdcf2127e67903959c9c48d580829da7
LuaJIT babeae2c3311bed245ee86f3e35a1f244e3da60b
clipper 904f0e6644c7f01c176443613be8f7788d59c658
concurrentqueue 54fdce755d3e52c785d6d9d7d91c94615495868c
lmdb 39d8127e5697b1323a67e61c3ad8f087384c7429
miniz 1edbdece9d71dc65c6ff405572ee37cbdcef7af4
oneTBB cda5d37ce8303c58ac506259387e75de4ffcf26b
pbf-sdf-fonts 91b369e4eb8a618e0a83b0c04b1b08632ea872c4
sol2 40c7cbc7c5cfed1e8c7f1bbe6fcbe23d7a67fc75
variant 5aa73631dc969087c77433a5cdef246303051f69
tiles 6513820682dda589594f705b0ac7007d7bc7cdad
unordered_dense 2c7230ae7f9c30849a5b089fb4a5d11896b45dcf
rtree.c 6ed73a7dc4f1184f2b5b2acd8ac1c2b28a273057
